
Microsoft Visual Studio Solution File, Format Version 12.00
# Visual Studio 14
VisualStudioVersion = 14.0.24720.0
MinimumVisualStudioVersion = 10.0.40219.1
Project("{FAE04EC0-301F-11D3-BF4B-00C04F79EFBC}") = "wUAL", "wUAL\wUAL.csproj", "{814DCDBF-5592-46ED-9E73-5ADBB4CBFE63}"
	ProjectSection(ProjectDependencies) = postProject
		{2917E84C-B8B0-4308-BCDA-DFDE860A274D} = {2917E84C-B8B0-4308-BCDA-DFDE860A274D}
		{977DDA90-93DB-4618-B8A5-813DC5D5C796} = {977DDA90-93DB-4618-B8A5-813DC5D5C796}
		{B9ECA7AE-D68D-4E57-8D2E-6C0176D02B4D} = {B9ECA7AE-D68D-4E57-8D2E-6C0176D02B4D}
	EndProjectSection
EndProject
Project("{FAE04EC0-301F-11D3-BF4B-00C04F79EFBC}") = "uAL", "uAL\uAL.csproj", "{B9ECA7AE-D68D-4E57-8D2E-6C0176D02B4D}"
	ProjectSection(ProjectDependencies) = postProject
		{977DDA90-93DB-4618-B8A5-813DC5D5C796} = {977DDA90-93DB-4618-B8A5-813DC5D5C796}
	EndProjectSection
EndProject
Project("{FAE04EC0-301F-11D3-BF4B-00C04F79EFBC}") = "Torrent", "Torrent\Torrent.csproj", "{2917E84C-B8B0-4308-BCDA-DFDE860A274D}"
EndProject
Project("{2150E333-8FDC-42A3-9474-1A3956D46DE8}") = "Solution Items", "Solution Items", "{F8351921-CF36-4E6E-BB49-6D12AFD5DE32}"
	ProjectSection(SolutionItems) = preProject
		.gitignore = .gitignore
		Solution Items\dev\MainWindow.Clone.xaml = Solution Items\dev\MainWindow.Clone.xaml
		Solution Items\sgen.bat = Solution Items\sgen.bat
	EndProjectSection
EndProject
Project("{FAE04EC0-301F-11D3-BF4B-00C04F79EFBC}") = "UTorrentRestAPI", "UTorrentRestAPI\UTorrentRestAPI.csproj", "{977DDA90-93DB-4618-B8A5-813DC5D5C796}"
EndProject
Project("{D954291E-2A0B-460D-934E-DC6B0785DB48}") = "Puchalapalli.Dynamic", "Puchalapalli\Puchalapalli.Dynamic\Puchalapalli.Dynamic.shproj", "{CDD7BB79-CA5F-4CA6-86F5-7F1E25561D6A}"
EndProject
Project("{FAE04EC0-301F-11D3-BF4B-00C04F79EFBC}") = "Puchalapalli.PostSharp", "Puchalapalli\Puchalapalli.PostSharp\Puchalapalli.PostSharp.csproj", "{1F69643B-9CFC-448A-A839-AEE66FB89E57}"
EndProject
Project("{FAE04EC0-301F-11D3-BF4B-00C04F79EFBC}") = "TorrentTestsXUnit", "TorrentTestsXUnit\TorrentTestsXUnit.csproj", "{A204C876-1D5B-40A8-9DFD-5A1255FC7795}"
EndProject
Project("{FAE04EC0-301F-11D3-BF4B-00C04F79EFBC}") = "TorrentTestsNUnit", "TorrentTestsNUnit\TorrentTestsNUnit.csproj", "{B617F126-EFC8-41AD-AC88-16CEB41D75C4}"
EndProject
Project("{FAE04EC0-301F-11D3-BF4B-00C04F79EFBC}") = "Torrent.Tests.XUnit", "Torrent.Tests.XUnit\Torrent.Tests.XUnit.csproj", "{5158E38D-9925-433F-B5DE-380BA73423A9}"
EndProject
Project("{FAE04EC0-301F-11D3-BF4B-00C04F79EFBC}") = "Torrent.Tests.NUnit", "Torrent.Tests.NUnit\Torrent.Tests.NUnit.csproj", "{69ABA66E-2506-413F-85FA-1D18ED61362E}"
EndProject
Global
	GlobalSection(SharedMSBuildProjectFiles) = preSolution
		Puchalapalli\Puchalapalli.Dynamic\Puchalapalli.Dynamic.projitems*{2917e84c-b8b0-4308-bcda-dfde860a274d}*SharedItemsImports = 4
		Puchalapalli\Puchalapalli.Dynamic\Puchalapalli.Dynamic.projitems*{cdd7bb79-ca5f-4ca6-86f5-7f1e25561d6a}*SharedItemsImports = 13
	EndGlobalSection
	GlobalSection(SolutionConfigurationPlatforms) = preSolution
		Debug Without Start|Any CPU = Debug Without Start|Any CPU
		Debug Without Start|Mixed Platforms = Debug Without Start|Mixed Platforms
		Debug Without Start|x64 = Debug Without Start|x64
		Debug Without Start|x86 = Debug Without Start|x86
		Debug|Any CPU = Debug|Any CPU
		Debug|Mixed Platforms = Debug|Mixed Platforms
		Debug|x64 = Debug|x64
		Debug|x86 = Debug|x86
		Release|Any CPU = Release|Any CPU
		Release|Mixed Platforms = Release|Mixed Platforms
		Release|x64 = Release|x64
		Release|x86 = Release|x86
	EndGlobalSection
	GlobalSection(ProjectConfigurationPlatforms) = postSolution
		{814DCDBF-5592-46ED-9E73-5ADBB4CBFE63}.Debug Without Start|Any CPU.ActiveCfg = Debug Without Start|Any CPU
		{814DCDBF-5592-46ED-9E73-5ADBB4CBFE63}.Debug Without Start|Any CPU.Build.0 = Debug Without Start|Any CPU
		{814DCDBF-5592-46ED-9E73-5ADBB4CBFE63}.Debug Without Start|Mixed Platforms.ActiveCfg = Debug Without Start|Any CPU
		{814DCDBF-5592-46ED-9E73-5ADBB4CBFE63}.Debug Without Start|Mixed Platforms.Build.0 = Debug Without Start|Any CPU
		{814DCDBF-5592-46ED-9E73-5ADBB4CBFE63}.Debug Without Start|x64.ActiveCfg = Debug Without Start|x64
		{814DCDBF-5592-46ED-9E73-5ADBB4CBFE63}.Debug Without Start|x64.Build.0 = Debug Without Start|x64
		{814DCDBF-5592-46ED-9E73-5ADBB4CBFE63}.Debug Without Start|x86.ActiveCfg = Debug Without Start|Any CPU
		{814DCDBF-5592-46ED-9E73-5ADBB4CBFE63}.Debug Without Start|x86.Build.0 = Debug Without Start|Any CPU
		{814DCDBF-5592-46ED-9E73-5ADBB4CBFE63}.Debug|Any CPU.ActiveCfg = Debug|Any CPU
		{814DCDBF-5592-46ED-9E73-5ADBB4CBFE63}.Debug|Any CPU.Build.0 = Debug|Any CPU
		{814DCDBF-5592-46ED-9E73-5ADBB4CBFE63}.Debug|Mixed Platforms.ActiveCfg = Debug|Any CPU
		{814DCDBF-5592-46ED-9E73-5ADBB4CBFE63}.Debug|Mixed Platforms.Build.0 = Debug|Any CPU
		{814DCDBF-5592-46ED-9E73-5ADBB4CBFE63}.Debug|x64.ActiveCfg = Debug|x64
		{814DCDBF-5592-46ED-9E73-5ADBB4CBFE63}.Debug|x64.Build.0 = Debug|x64
		{814DCDBF-5592-46ED-9E73-5ADBB4CBFE63}.Debug|x86.ActiveCfg = Debug|Any CPU
		{814DCDBF-5592-46ED-9E73-5ADBB4CBFE63}.Debug|x86.Build.0 = Debug|Any CPU
		{814DCDBF-5592-46ED-9E73-5ADBB4CBFE63}.Release|Any CPU.ActiveCfg = Release|Any CPU
		{814DCDBF-5592-46ED-9E73-5ADBB4CBFE63}.Release|Any CPU.Build.0 = Release|Any CPU
		{814DCDBF-5592-46ED-9E73-5ADBB4CBFE63}.Release|Mixed Platforms.ActiveCfg = Release|Any CPU
		{814DCDBF-5592-46ED-9E73-5ADBB4CBFE63}.Release|Mixed Platforms.Build.0 = Release|Any CPU
		{814DCDBF-5592-46ED-9E73-5ADBB4CBFE63}.Release|x64.ActiveCfg = Release|x64
		{814DCDBF-5592-46ED-9E73-5ADBB4CBFE63}.Release|x64.Build.0 = Release|x64
		{814DCDBF-5592-46ED-9E73-5ADBB4CBFE63}.Release|x86.ActiveCfg = Release|Any CPU
		{814DCDBF-5592-46ED-9E73-5ADBB4CBFE63}.Release|x86.Build.0 = Release|Any CPU
		{B9ECA7AE-D68D-4E57-8D2E-6C0176D02B4D}.Debug Without Start|Any CPU.ActiveCfg = Debug|Any CPU
		{B9ECA7AE-D68D-4E57-8D2E-6C0176D02B4D}.Debug Without Start|Any CPU.Build.0 = Debug|Any CPU
		{B9ECA7AE-D68D-4E57-8D2E-6C0176D02B4D}.Debug Without Start|Mixed Platforms.ActiveCfg = Debug|Any CPU
		{B9ECA7AE-D68D-4E57-8D2E-6C0176D02B4D}.Debug Without Start|Mixed Platforms.Build.0 = Debug|Any CPU
		{B9ECA7AE-D68D-4E57-8D2E-6C0176D02B4D}.Debug Without Start|x64.ActiveCfg = Debug|x64
		{B9ECA7AE-D68D-4E57-8D2E-6C0176D02B4D}.Debug Without Start|x64.Build.0 = Debug|x64
		{B9ECA7AE-D68D-4E57-8D2E-6C0176D02B4D}.Debug Without Start|x86.ActiveCfg = Debug|Any CPU
		{B9ECA7AE-D68D-4E57-8D2E-6C0176D02B4D}.Debug Without Start|x86.Build.0 = Debug|Any CPU
		{B9ECA7AE-D68D-4E57-8D2E-6C0176D02B4D}.Debug|Any CPU.ActiveCfg = Debug|Any CPU
		{B9ECA7AE-D68D-4E57-8D2E-6C0176D02B4D}.Debug|Any CPU.Build.0 = Debug|Any CPU
		{B9ECA7AE-D68D-4E57-8D2E-6C0176D02B4D}.Debug|Mixed Platforms.ActiveCfg = Debug|Any CPU
		{B9ECA7AE-D68D-4E57-8D2E-6C0176D02B4D}.Debug|Mixed Platforms.Build.0 = Debug|Any CPU
		{B9ECA7AE-D68D-4E57-8D2E-6C0176D02B4D}.Debug|x64.ActiveCfg = Debug|x64
		{B9ECA7AE-D68D-4E57-8D2E-6C0176D02B4D}.Debug|x64.Build.0 = Debug|x64
		{B9ECA7AE-D68D-4E57-8D2E-6C0176D02B4D}.Debug|x86.ActiveCfg = Debug|Any CPU
		{B9ECA7AE-D68D-4E57-8D2E-6C0176D02B4D}.Debug|x86.Build.0 = Debug|Any CPU
		{B9ECA7AE-D68D-4E57-8D2E-6C0176D02B4D}.Release|Any CPU.ActiveCfg = Release|Any CPU
		{B9ECA7AE-D68D-4E57-8D2E-6C0176D02B4D}.Release|Any CPU.Build.0 = Release|Any CPU
		{B9ECA7AE-D68D-4E57-8D2E-6C0176D02B4D}.Release|Mixed Platforms.ActiveCfg = Release|Any CPU
		{B9ECA7AE-D68D-4E57-8D2E-6C0176D02B4D}.Release|Mixed Platforms.Build.0 = Release|Any CPU
		{B9ECA7AE-D68D-4E57-8D2E-6C0176D02B4D}.Release|x64.ActiveCfg = Release|x64
		{B9ECA7AE-D68D-4E57-8D2E-6C0176D02B4D}.Release|x64.Build.0 = Release|x64
		{B9ECA7AE-D68D-4E57-8D2E-6C0176D02B4D}.Release|x86.ActiveCfg = Release|Any CPU
		{B9ECA7AE-D68D-4E57-8D2E-6C0176D02B4D}.Release|x86.Build.0 = Release|Any CPU
		{2917E84C-B8B0-4308-BCDA-DFDE860A274D}.Debug Without Start|Any CPU.ActiveCfg = Debug|Any CPU
		{2917E84C-B8B0-4308-BCDA-DFDE860A274D}.Debug Without Start|Any CPU.Build.0 = Debug|Any CPU
		{2917E84C-B8B0-4308-BCDA-DFDE860A274D}.Debug Without Start|Mixed Platforms.ActiveCfg = Debug|Any CPU
		{2917E84C-B8B0-4308-BCDA-DFDE860A274D}.Debug Without Start|Mixed Platforms.Build.0 = Debug|Any CPU
		{2917E84C-B8B0-4308-BCDA-DFDE860A274D}.Debug Without Start|x64.ActiveCfg = Debug|x64
		{2917E84C-B8B0-4308-BCDA-DFDE860A274D}.Debug Without Start|x64.Build.0 = Debug|x64
		{2917E84C-B8B0-4308-BCDA-DFDE860A274D}.Debug Without Start|x86.ActiveCfg = Debug|Any CPU
		{2917E84C-B8B0-4308-BCDA-DFDE860A274D}.Debug Without Start|x86.Build.0 = Debug|Any CPU
		{2917E84C-B8B0-4308-BCDA-DFDE860A274D}.Debug|Any CPU.ActiveCfg = Debug|Any CPU
		{2917E84C-B8B0-4308-BCDA-DFDE860A274D}.Debug|Any CPU.Build.0 = Debug|Any CPU
		{2917E84C-B8B0-4308-BCDA-DFDE860A274D}.Debug|Mixed Platforms.ActiveCfg = Debug|Any CPU
		{2917E84C-B8B0-4308-BCDA-DFDE860A274D}.Debug|Mixed Platforms.Build.0 = Debug|Any CPU
		{2917E84C-B8B0-4308-BCDA-DFDE860A274D}.Debug|x64.ActiveCfg = Debug|x64
		{2917E84C-B8B0-4308-BCDA-DFDE860A274D}.Debug|x64.Build.0 = Debug|x64
		{2917E84C-B8B0-4308-BCDA-DFDE860A274D}.Debug|x86.ActiveCfg = Debug|Any CPU
		{2917E84C-B8B0-4308-BCDA-DFDE860A274D}.Debug|x86.Build.0 = Debug|Any CPU
		{2917E84C-B8B0-4308-BCDA-DFDE860A274D}.Release|Any CPU.ActiveCfg = Release|Any CPU
		{2917E84C-B8B0-4308-BCDA-DFDE860A274D}.Release|Any CPU.Build.0 = Release|Any CPU
		{2917E84C-B8B0-4308-BCDA-DFDE860A274D}.Release|Mixed Platforms.ActiveCfg = Release|Any CPU
		{2917E84C-B8B0-4308-BCDA-DFDE860A274D}.Release|Mixed Platforms.Build.0 = Release|Any CPU
		{2917E84C-B8B0-4308-BCDA-DFDE860A274D}.Release|x64.ActiveCfg = Release|x64
		{2917E84C-B8B0-4308-BCDA-DFDE860A274D}.Release|x64.Build.0 = Release|x64
		{2917E84C-B8B0-4308-BCDA-DFDE860A274D}.Release|x86.ActiveCfg = Release|Any CPU
		{2917E84C-B8B0-4308-BCDA-DFDE860A274D}.Release|x86.Build.0 = Release|Any CPU
		{977DDA90-93DB-4618-B8A5-813DC5D5C796}.Debug Without Start|Any CPU.ActiveCfg = Debug|Any CPU
		{977DDA90-93DB-4618-B8A5-813DC5D5C796}.Debug Without Start|Any CPU.Build.0 = Debug|Any CPU
		{977DDA90-93DB-4618-B8A5-813DC5D5C796}.Debug Without Start|Mixed Platforms.ActiveCfg = Debug|Any CPU
		{977DDA90-93DB-4618-B8A5-813DC5D5C796}.Debug Without Start|Mixed Platforms.Build.0 = Debug|Any CPU
		{977DDA90-93DB-4618-B8A5-813DC5D5C796}.Debug Without Start|x64.ActiveCfg = Debug|x64
		{977DDA90-93DB-4618-B8A5-813DC5D5C796}.Debug Without Start|x64.Build.0 = Debug|x64
		{977DDA90-93DB-4618-B8A5-813DC5D5C796}.Debug Without Start|x86.ActiveCfg = Debug|Any CPU
		{977DDA90-93DB-4618-B8A5-813DC5D5C796}.Debug Without Start|x86.Build.0 = Debug|Any CPU
		{977DDA90-93DB-4618-B8A5-813DC5D5C796}.Debug|Any CPU.ActiveCfg = Debug|Any CPU
		{977DDA90-93DB-4618-B8A5-813DC5D5C796}.Debug|Any CPU.Build.0 = Debug|Any CPU
		{977DDA90-93DB-4618-B8A5-813DC5D5C796}.Debug|Mixed Platforms.ActiveCfg = Debug|Any CPU
		{977DDA90-93DB-4618-B8A5-813DC5D5C796}.Debug|Mixed Platforms.Build.0 = Debug|Any CPU
		{977DDA90-93DB-4618-B8A5-813DC5D5C796}.Debug|x64.ActiveCfg = Debug|x64
		{977DDA90-93DB-4618-B8A5-813DC5D5C796}.Debug|x64.Build.0 = Debug|x64
		{977DDA90-93DB-4618-B8A5-813DC5D5C796}.Debug|x86.ActiveCfg = Debug|Any CPU
		{977DDA90-93DB-4618-B8A5-813DC5D5C796}.Debug|x86.Build.0 = Debug|Any CPU
		{977DDA90-93DB-4618-B8A5-813DC5D5C796}.Release|Any CPU.ActiveCfg = Release|Any CPU
		{977DDA90-93DB-4618-B8A5-813DC5D5C796}.Release|Any CPU.Build.0 = Release|Any CPU
		{977DDA90-93DB-4618-B8A5-813DC5D5C796}.Release|Mixed Platforms.ActiveCfg = Release|Any CPU
		{977DDA90-93DB-4618-B8A5-813DC5D5C796}.Release|Mixed Platforms.Build.0 = Release|Any CPU
		{977DDA90-93DB-4618-B8A5-813DC5D5C796}.Release|x64.ActiveCfg = Release|x64
		{977DDA90-93DB-4618-B8A5-813DC5D5C796}.Release|x64.Build.0 = Release|x64
		{977DDA90-93DB-4618-B8A5-813DC5D5C796}.Release|x86.ActiveCfg = Release|Any CPU
		{977DDA90-93DB-4618-B8A5-813DC5D5C796}.Release|x86.Build.0 = Release|Any CPU
		{1F69643B-9CFC-448A-A839-AEE66FB89E57}.Debug Without Start|Any CPU.ActiveCfg = Debug|Any CPU
		{1F69643B-9CFC-448A-A839-AEE66FB89E57}.Debug Without Start|Any CPU.Build.0 = Debug|Any CPU
		{1F69643B-9CFC-448A-A839-AEE66FB89E57}.Debug Without Start|Mixed Platforms.ActiveCfg = Debug|Any CPU
		{1F69643B-9CFC-448A-A839-AEE66FB89E57}.Debug Without Start|Mixed Platforms.Build.0 = Debug|Any CPU
		{1F69643B-9CFC-448A-A839-AEE66FB89E57}.Debug Without Start|x64.ActiveCfg = Debug|Any CPU
		{1F69643B-9CFC-448A-A839-AEE66FB89E57}.Debug Without Start|x64.Build.0 = Debug|Any CPU
		{1F69643B-9CFC-448A-A839-AEE66FB89E57}.Debug Without Start|x86.ActiveCfg = Debug|Any CPU
		{1F69643B-9CFC-448A-A839-AEE66FB89E57}.Debug Without Start|x86.Build.0 = Debug|Any CPU
		{1F69643B-9CFC-448A-A839-AEE66FB89E57}.Debug|Any CPU.ActiveCfg = Debug|Any CPU
		{1F69643B-9CFC-448A-A839-AEE66FB89E57}.Debug|Any CPU.Build.0 = Debug|Any CPU
		{1F69643B-9CFC-448A-A839-AEE66FB89E57}.Debug|Mixed Platforms.ActiveCfg = Debug|Any CPU
		{1F69643B-9CFC-448A-A839-AEE66FB89E57}.Debug|Mixed Platforms.Build.0 = Debug|Any CPU
		{1F69643B-9CFC-448A-A839-AEE66FB89E57}.Debug|x64.ActiveCfg = Debug|Any CPU
		{1F69643B-9CFC-448A-A839-AEE66FB89E57}.Debug|x64.Build.0 = Debug|Any CPU
		{1F69643B-9CFC-448A-A839-AEE66FB89E57}.Debug|x86.ActiveCfg = Debug|Any CPU
		{1F69643B-9CFC-448A-A839-AEE66FB89E57}.Debug|x86.Build.0 = Debug|Any CPU
		{1F69643B-9CFC-448A-A839-AEE66FB89E57}.Release|Any CPU.ActiveCfg = Release|Any CPU
		{1F69643B-9CFC-448A-A839-AEE66FB89E57}.Release|Any CPU.Build.0 = Release|Any CPU
		{1F69643B-9CFC-448A-A839-AEE66FB89E57}.Release|Mixed Platforms.ActiveCfg = Release|Any CPU
		{1F69643B-9CFC-448A-A839-AEE66FB89E57}.Release|Mixed Platforms.Build.0 = Release|Any CPU
		{1F69643B-9CFC-448A-A839-AEE66FB89E57}.Release|x64.ActiveCfg = Release|Any CPU
		{1F69643B-9CFC-448A-A839-AEE66FB89E57}.Release|x64.Build.0 = Release|Any CPU
		{1F69643B-9CFC-448A-A839-AEE66FB89E57}.Release|x86.ActiveCfg = Release|Any CPU
		{1F69643B-9CFC-448A-A839-AEE66FB89E57}.Release|x86.Build.0 = Release|Any CPU
		{A204C876-1D5B-40A8-9DFD-5A1255FC7795}.Debug Without Start|Any CPU.ActiveCfg = Debug|Any CPU
		{A204C876-1D5B-40A8-9DFD-5A1255FC7795}.Debug Without Start|Any CPU.Build.0 = Debug|Any CPU
		{A204C876-1D5B-40A8-9DFD-5A1255FC7795}.Debug Without Start|Mixed Platforms.ActiveCfg = Debug|Any CPU
		{A204C876-1D5B-40A8-9DFD-5A1255FC7795}.Debug Without Start|Mixed Platforms.Build.0 = Debug|Any CPU
		{A204C876-1D5B-40A8-9DFD-5A1255FC7795}.Debug Without Start|x64.ActiveCfg = Debug|Any CPU
		{A204C876-1D5B-40A8-9DFD-5A1255FC7795}.Debug Without Start|x64.Build.0 = Debug|Any CPU
		{A204C876-1D5B-40A8-9DFD-5A1255FC7795}.Debug Without Start|x86.ActiveCfg = Debug|Any CPU
		{A204C876-1D5B-40A8-9DFD-5A1255FC7795}.Debug Without Start|x86.Build.0 = Debug|Any CPU
		{A204C876-1D5B-40A8-9DFD-5A1255FC7795}.Debug|Any CPU.ActiveCfg = Debug|Any CPU
		{A204C876-1D5B-40A8-9DFD-5A1255FC7795}.Debug|Any CPU.Build.0 = Debug|Any CPU
		{A204C876-1D5B-40A8-9DFD-5A1255FC7795}.Debug|Mixed Platforms.ActiveCfg = Debug|Any CPU
		{A204C876-1D5B-40A8-9DFD-5A1255FC7795}.Debug|Mixed Platforms.Build.0 = Debug|Any CPU
		{A204C876-1D5B-40A8-9DFD-5A1255FC7795}.Debug|x64.ActiveCfg = Debug|Any CPU
		{A204C876-1D5B-40A8-9DFD-5A1255FC7795}.Debug|x64.Build.0 = Debug|Any CPU
		{A204C876-1D5B-40A8-9DFD-5A1255FC7795}.Debug|x86.ActiveCfg = Debug|Any CPU
		{A204C876-1D5B-40A8-9DFD-5A1255FC7795}.Debug|x86.Build.0 = Debug|Any CPU
		{A204C876-1D5B-40A8-9DFD-5A1255FC7795}.Release|Any CPU.ActiveCfg = Release|Any CPU
		{A204C876-1D5B-40A8-9DFD-5A1255FC7795}.Release|Any CPU.Build.0 = Release|Any CPU
		{A204C876-1D5B-40A8-9DFD-5A1255FC7795}.Release|Mixed Platforms.ActiveCfg = Release|Any CPU
		{A204C876-1D5B-40A8-9DFD-5A1255FC7795}.Release|Mixed Platforms.Build.0 = Release|Any CPU
		{A204C876-1D5B-40A8-9DFD-5A1255FC7795}.Release|x64.ActiveCfg = Release|Any CPU
		{A204C876-1D5B-40A8-9DFD-5A1255FC7795}.Release|x64.Build.0 = Release|Any CPU
		{A204C876-1D5B-40A8-9DFD-5A1255FC7795}.Release|x86.ActiveCfg = Release|Any CPU
		{A204C876-1D5B-40A8-9DFD-5A1255FC7795}.Release|x86.Build.0 = Release|Any CPU
		{B617F126-EFC8-41AD-AC88-16CEB41D75C4}.Debug Without Start|Any CPU.ActiveCfg = Debug|Any CPU
		{B617F126-EFC8-41AD-AC88-16CEB41D75C4}.Debug Without Start|Any CPU.Build.0 = Debug|Any CPU
		{B617F126-EFC8-41AD-AC88-16CEB41D75C4}.Debug Without Start|Mixed Platforms.ActiveCfg = Debug|Any CPU
		{B617F126-EFC8-41AD-AC88-16CEB41D75C4}.Debug Without Start|Mixed Platforms.Build.0 = Debug|Any CPU
		{B617F126-EFC8-41AD-AC88-16CEB41D75C4}.Debug Without Start|x64.ActiveCfg = Debug|Any CPU
		{B617F126-EFC8-41AD-AC88-16CEB41D75C4}.Debug Without Start|x64.Build.0 = Debug|Any CPU
		{B617F126-EFC8-41AD-AC88-16CEB41D75C4}.Debug Without Start|x86.ActiveCfg = Debug|Any CPU
		{B617F126-EFC8-41AD-AC88-16CEB41D75C4}.Debug Without Start|x86.Build.0 = Debug|Any CPU
		{B617F126-EFC8-41AD-AC88-16CEB41D75C4}.Debug|Any CPU.ActiveCfg = Debug|Any CPU
		{B617F126-EFC8-41AD-AC88-16CEB41D75C4}.Debug|Any CPU.Build.0 = Debug|Any CPU
		{B617F126-EFC8-41AD-AC88-16CEB41D75C4}.Debug|Mixed Platforms.ActiveCfg = Debug|Any CPU
		{B617F126-EFC8-41AD-AC88-16CEB41D75C4}.Debug|Mixed Platforms.Build.0 = Debug|Any CPU
		{B617F126-EFC8-41AD-AC88-16CEB41D75C4}.Debug|x64.ActiveCfg = Debug|Any CPU
		{B617F126-EFC8-41AD-AC88-16CEB41D75C4}.Debug|x64.Build.0 = Debug|Any CPU
		{B617F126-EFC8-41AD-AC88-16CEB41D75C4}.Debug|x86.ActiveCfg = Debug|Any CPU
		{B617F126-EFC8-41AD-AC88-16CEB41D75C4}.Debug|x86.Build.0 = Debug|Any CPU
		{B617F126-EFC8-41AD-AC88-16CEB41D75C4}.Release|Any CPU.ActiveCfg = Release|Any CPU
		{B617F126-EFC8-41AD-AC88-16CEB41D75C4}.Release|Any CPU.Build.0 = Release|Any CPU
		{B617F126-EFC8-41AD-AC88-16CEB41D75C4}.Release|Mixed Platforms.ActiveCfg = Release|Any CPU
		{B617F126-EFC8-41AD-AC88-16CEB41D75C4}.Release|Mixed Platforms.Build.0 = Release|Any CPU
		{B617F126-EFC8-41AD-AC88-16CEB41D75C4}.Release|x64.ActiveCfg = Release|Any CPU
		{B617F126-EFC8-41AD-AC88-16CEB41D75C4}.Release|x64.Build.0 = Release|Any CPU
		{B617F126-EFC8-41AD-AC88-16CEB41D75C4}.Release|x86.ActiveCfg = Release|Any CPU
		{B617F126-EFC8-41AD-AC88-16CEB41D75C4}.Release|x86.Build.0 = Release|Any CPU
		{5158E38D-9925-433F-B5DE-380BA73423A9}.Debug Without Start|Any CPU.ActiveCfg = Debug|Any CPU
		{5158E38D-9925-433F-B5DE-380BA73423A9}.Debug Without Start|Any CPU.Build.0 = Debug|Any CPU
		{5158E38D-9925-433F-B5DE-380BA73423A9}.Debug Without Start|Mixed Platforms.ActiveCfg = Debug|Any CPU
		{5158E38D-9925-433F-B5DE-380BA73423A9}.Debug Without Start|Mixed Platforms.Build.0 = Debug|Any CPU
		{5158E38D-9925-433F-B5DE-380BA73423A9}.Debug Without Start|x64.ActiveCfg = Debug|Any CPU
		{5158E38D-9925-433F-B5DE-380BA73423A9}.Debug Without Start|x64.Build.0 = Debug|Any CPU
		{5158E38D-9925-433F-B5DE-380BA73423A9}.Debug Without Start|x86.ActiveCfg = Debug|Any CPU
		{5158E38D-9925-433F-B5DE-380BA73423A9}.Debug Without Start|x86.Build.0 = Debug|Any CPU
		{5158E38D-9925-433F-B5DE-380BA73423A9}.Debug|Any CPU.ActiveCfg = Debug|Any CPU
		{5158E38D-9925-433F-B5DE-380BA73423A9}.Debug|Any CPU.Build.0 = Debug|Any CPU
		{5158E38D-9925-433F-B5DE-380BA73423A9}.Debug|Mixed Platforms.ActiveCfg = Debug|Any CPU
		{5158E38D-9925-433F-B5DE-380BA73423A9}.Debug|Mixed Platforms.Build.0 = Debug|Any CPU
		{5158E38D-9925-433F-B5DE-380BA73423A9}.Debug|x64.ActiveCfg = Debug|Any CPU
		{5158E38D-9925-433F-B5DE-380BA73423A9}.Debug|x64.Build.0 = Debug|Any CPU
		{5158E38D-9925-433F-B5DE-380BA73423A9}.Debug|x86.ActiveCfg = Debug|Any CPU
		{5158E38D-9925-433F-B5DE-380BA73423A9}.Debug|x86.Build.0 = Debug|Any CPU
		{5158E38D-9925-433F-B5DE-380BA73423A9}.Release|Any CPU.ActiveCfg = Release|Any CPU
		{5158E38D-9925-433F-B5DE-380BA73423A9}.Release|Any CPU.Build.0 = Release|Any CPU
		{5158E38D-9925-433F-B5DE-380BA73423A9}.Release|Mixed Platforms.ActiveCfg = Release|Any CPU
		{5158E38D-9925-433F-B5DE-380BA73423A9}.Release|Mixed Platforms.Build.0 = Release|Any CPU
		{5158E38D-9925-433F-B5DE-380BA73423A9}.Release|x64.ActiveCfg = Release|Any CPU
		{5158E38D-9925-433F-B5DE-380BA73423A9}.Release|x64.Build.0 = Release|Any CPU
		{5158E38D-9925-433F-B5DE-380BA73423A9}.Release|x86.ActiveCfg = Release|Any CPU
		{5158E38D-9925-433F-B5DE-380BA73423A9}.Release|x86.Build.0 = Release|Any CPU
		{69ABA66E-2506-413F-85FA-1D18ED61362E}.Debug Without Start|Any CPU.ActiveCfg = Debug|Any CPU
		{69ABA66E-2506-413F-85FA-1D18ED61362E}.Debug Without Start|Any CPU.Build.0 = Debug|Any CPU
		{69ABA66E-2506-413F-85FA-1D18ED61362E}.Debug Without Start|Mixed Platforms.ActiveCfg = Debug|Any CPU
		{69ABA66E-2506-413F-85FA-1D18ED61362E}.Debug Without Start|Mixed Platforms.Build.0 = Debug|Any CPU
		{69ABA66E-2506-413F-85FA-1D18ED61362E}.Debug Without Start|x64.ActiveCfg = Debug|Any CPU
		{69ABA66E-2506-413F-85FA-1D18ED61362E}.Debug Without Start|x64.Build.0 = Debug|Any CPU
		{69ABA66E-2506-413F-85FA-1D18ED61362E}.Debug Without Start|x86.ActiveCfg = Debug|Any CPU
		{69ABA66E-2506-413F-85FA-1D18ED61362E}.Debug Without Start|x86.Build.0 = Debug|Any CPU
		{69ABA66E-2506-413F-85FA-1D18ED61362E}.Debug|Any CPU.ActiveCfg = Debug|Any CPU
		{69ABA66E-2506-413F-85FA-1D18ED61362E}.Debug|Any CPU.Build.0 = Debug|Any CPU
		{69ABA66E-2506-413F-85FA-1D18ED61362E}.Debug|Mixed Platforms.ActiveCfg = Debug|Any CPU
		{69ABA66E-2506-413F-85FA-1D18ED61362E}.Debug|Mixed Platforms.Build.0 = Debug|Any CPU
		{69ABA66E-2506-413F-85FA-1D18ED61362E}.Debug|x64.ActiveCfg = Debug|Any CPU
		{69ABA66E-2506-413F-85FA-1D18ED61362E}.Debug|x64.Build.0 = Debug|Any CPU
		{69ABA66E-2506-413F-85FA-1D18ED61362E}.Debug|x86.ActiveCfg = Debug|Any CPU
		{69ABA66E-2506-413F-85FA-1D18ED61362E}.Debug|x86.Build.0 = Debug|Any CPU
		{69ABA66E-2506-413F-85FA-1D18ED61362E}.Release|Any CPU.ActiveCfg = Release|Any CPU
		{69ABA66E-2506-413F-85FA-1D18ED61362E}.Release|Any CPU.Build.0 = Release|Any CPU
		{69ABA66E-2506-413F-85FA-1D18ED61362E}.Release|Mixed Platforms.ActiveCfg = Release|Any CPU
		{69ABA66E-2506-413F-85FA-1D18ED61362E}.Release|Mixed Platforms.Build.0 = Release|Any CPU
		{69ABA66E-2506-413F-85FA-1D18ED61362E}.Release|x64.ActiveCfg = Release|Any CPU
		{69ABA66E-2506-413F-85FA-1D18ED61362E}.Release|x64.Build.0 = Release|Any CPU
		{69ABA66E-2506-413F-85FA-1D18ED61362E}.Release|x86.ActiveCfg = Release|Any CPU
		{69ABA66E-2506-413F-85FA-1D18ED61362E}.Release|x86.Build.0 = Release|Any CPU
	EndGlobalSection
	GlobalSection(SolutionProperties) = preSolution
		HideSolutionNode = FALSE
	EndGlobalSection
EndGlobal
